// !$*UTF8*$!
{
	archiveVersion = 1;
	classes = {
	};
	objectVersion = 46;
	objects = {

/* Begin PBXBuildFile section */
		F01A64281D558705000B6EC0 /* Profile.swift in Sources */ = {isa = PBXBuildFile; fileRef = F01A64271D558705000B6EC0 /* Profile.swift */; };
		F01A642B1D56512A000B6EC0 /* NSDateExtensions.swift in Sources */ = {isa = PBXBuildFile; fileRef = F01A642A1D56512A000B6EC0 /* NSDateExtensions.swift */; };
		F01A642D1D565D3A000B6EC0 /* ArrayExtenisons.swift in Sources */ = {isa = PBXBuildFile; fileRef = F01A642C1D565D3A000B6EC0 /* ArrayExtenisons.swift */; };
		F06F3F871D3EFDF50005F53B /* CoreLocation.framework in Frameworks */ = {isa = PBXBuildFile; fileRef = F06F3F861D3EFDF50005F53B /* CoreLocation.framework */; };
		F0A0A0D81D3DBDF5008C299A /* AppDelegate.swift in Sources */ = {isa = PBXBuildFile; fileRef = F0A0A0D71D3DBDF5008C299A /* AppDelegate.swift */; };
		F0A0A0DA1D3DBDF5008C299A /* ViewController.swift in Sources */ = {isa = PBXBuildFile; fileRef = F0A0A0D91D3DBDF5008C299A /* ViewController.swift */; };
		F0A0A0DD1D3DBDF5008C299A /* Main.storyboard in Resources */ = {isa = PBXBuildFile; fileRef = F0A0A0DB1D3DBDF5008C299A /* Main.storyboard */; };
		F0A0A0DF1D3DBDF5008C299A /* Assets.xcassets in Resources */ = {isa = PBXBuildFile; fileRef = F0A0A0DE1D3DBDF5008C299A /* Assets.xcassets */; };
		F0A0A0E21D3DBDF5008C299A /* LaunchScreen.storyboard in Resources */ = {isa = PBXBuildFile; fileRef = F0A0A0E01D3DBDF5008C299A /* LaunchScreen.storyboard */; };
		F0A0A0ED1D3DBDF5008C299A /* RouteBasedAlertsTests.swift in Sources */ = {isa = PBXBuildFile; fileRef = F0A0A0EC1D3DBDF5008C299A /* RouteBasedAlertsTests.swift */; };
/* End PBXBuildFile section */

/* Begin PBXContainerItemProxy section */
		F0A0A0E91D3DBDF5008C299A /* PBXContainerItemProxy */ = {
			isa = PBXContainerItemProxy;
			containerPortal = F0A0A0CC1D3DBDF4008C299A /* Project object */;
			proxyType = 1;
			remoteGlobalIDString = F0A0A0D31D3DBDF4008C299A;
			remoteInfo = RouteBasedAlerts;
		};
/* End PBXContainerItemProxy section */

/* Begin PBXFileReference section */
		F01A64271D558705000B6EC0 /* Profile.swift */ = {isa = PBXFileReference; fileEncoding = 4; lastKnownFileType = sourcecode.swift; path = Profile.swift; sourceTree = "<group>"; };
		F01A642A1D56512A000B6EC0 /* NSDateExtensions.swift */ = {isa = PBXFileReference; fileEncoding = 4; lastKnownFileType = sourcecode.swift; name = NSDateExtensions.swift; path = Extensions/NSDateExtensions.swift; sourceTree = "<group>"; };
		F01A642C1D565D3A000B6EC0 /* ArrayExtenisons.swift */ = {isa = PBXFileReference; fileEncoding = 4; lastKnownFileType = sourcecode.swift; name = ArrayExtenisons.swift; path = Extensions/ArrayExtenisons.swift; sourceTree = "<group>"; };
		F06F3F861D3EFDF50005F53B /* CoreLocation.framework */ = {isa = PBXFileReference; lastKnownFileType = wrapper.framework; name = CoreLocation.framework; path = System/Library/Frameworks/CoreLocation.framework; sourceTree = SDKROOT; };
		F0A0A0D41D3DBDF5008C299A /* RouteBasedAlerts.app */ = {isa = PBXFileReference; explicitFileType = wrapper.application; includeInIndex = 0; path = RouteBasedAlerts.app; sourceTree = BUILT_PRODUCTS_DIR; };
		F0A0A0D71D3DBDF5008C299A /* AppDelegate.swift */ = {isa = PBXFileReference; lastKnownFileType = sourcecode.swift; path = AppDelegate.swift; sourceTree = "<group>"; };
		F0A0A0D91D3DBDF5008C299A /* ViewController.swift */ = {isa = PBXFileReference; lastKnownFileType = sourcecode.swift; path = ViewController.swift; sourceTree = "<group>"; };
		F0A0A0DC1D3DBDF5008C299A /* Base */ = {isa = PBXFileReference; lastKnownFileType = file.storyboard; name = Base; path = Base.lproj/Main.storyboard; sourceTree = "<group>"; };
		F0A0A0DE1D3DBDF5008C299A /* Assets.xcassets */ = {isa = PBXFileReference; lastKnownFileType = folder.assetcatalog; path = Assets.xcassets; sourceTree = "<group>"; };
		F0A0A0E11D3DBDF5008C299A /* Base */ = {isa = PBXFileReference; lastKnownFileType = file.storyboard; name = Base; path = Base.lproj/LaunchScreen.storyboard; sourceTree = "<group>"; };
		F0A0A0E31D3DBDF5008C299A /* Info.plist */ = {isa = PBXFileReference; lastKnownFileType = text.plist.xml; path = Info.plist; sourceTree = "<group>"; };
		F0A0A0E81D3DBDF5008C299A /* RouteBasedAlertsTests.xctest */ = {isa = PBXFileReference; explicitFileType = wrapper.cfbundle; includeInIndex = 0; path = RouteBasedAlertsTests.xctest; sourceTree = BUILT_PRODUCTS_DIR; };
		F0A0A0EC1D3DBDF5008C299A /* RouteBasedAlertsTests.swift */ = {isa = PBXFileReference; lastKnownFileType = sourcecode.swift; path = RouteBasedAlertsTests.swift; sourceTree = "<group>"; };
		F0A0A0EE1D3DBDF5008C299A /* Info.plist */ = {isa = PBXFileReference; lastKnownFileType = text.plist.xml; path = Info.plist; sourceTree = "<group>"; };
/* End PBXFileReference section */

/* Begin PBXFrameworksBuildPhase section */
		F0A0A0D11D3DBDF4008C299A /* Frameworks */ = {
			isa = PBXFrameworksBuildPhase;
			buildActionMask = 2147483647;
			files = (
				F06F3F871D3EFDF50005F53B /* CoreLocation.framework in Frameworks */,
			);
			runOnlyForDeploymentPostprocessing = 0;
		};
		F0A0A0E51D3DBDF5008C299A /* Frameworks */ = {
			isa = PBXFrameworksBuildPhase;
			buildActionMask = 2147483647;
			files = (
			);
			runOnlyForDeploymentPostprocessing = 0;
		};
/* End PBXFrameworksBuildPhase section */

/* Begin PBXGroup section */
		F01A64291D5650DF000B6EC0 /* Extensions */ = {
			isa = PBXGroup;
			children = (
				F01A642A1D56512A000B6EC0 /* NSDateExtensions.swift */,
				F01A642C1D565D3A000B6EC0 /* ArrayExtenisons.swift */,
			);
			name = Extensions;
			sourceTree = "<group>";
		};
		F0A0A0CB1D3DBDF4008C299A = {
			isa = PBXGroup;
			children = (
				F01A64291D5650DF000B6EC0 /* Extensions */,
				F06F3F861D3EFDF50005F53B /* CoreLocation.framework */,
				F0A0A0D61D3DBDF5008C299A /* RouteBasedAlerts */,
				F0A0A0EB1D3DBDF5008C299A /* RouteBasedAlertsTests */,
				F0A0A0D51D3DBDF5008C299A /* Products */,
			);
			sourceTree = "<group>";
		};
		F0A0A0D51D3DBDF5008C299A /* Products */ = {
			isa = PBXGroup;
			children = (
				F0A0A0D41D3DBDF5008C299A /* RouteBasedAlerts.app */,
				F0A0A0E81D3DBDF5008C299A /* RouteBasedAlertsTests.xctest */,
			);
			name = Products;
			sourceTree = "<group>";
		};
		F0A0A0D61D3DBDF5008C299A /* RouteBasedAlerts */ = {
			isa = PBXGroup;
			children = (
				F0A0A0D71D3DBDF5008C299A /* AppDelegate.swift */,
				F0A0A0D91D3DBDF5008C299A /* ViewController.swift */,
				F0A0A0DB1D3DBDF5008C299A /* Main.storyboard */,
				F0A0A0DE1D3DBDF5008C299A /* Assets.xcassets */,
				F0A0A0E01D3DBDF5008C299A /* LaunchScreen.storyboard */,
				F0A0A0E31D3DBDF5008C299A /* Info.plist */,
				F01A64271D558705000B6EC0 /* Profile.swift */,
			);
			path = RouteBasedAlerts;
			sourceTree = "<group>";
		};
		F0A0A0EB1D3DBDF5008C299A /* RouteBasedAlertsTests */ = {
			isa = PBXGroup;
			children = (
				F0A0A0EC1D3DBDF5008C299A /* RouteBasedAlertsTests.swift */,
				F0A0A0EE1D3DBDF5008C299A /* Info.plist */,
			);
			path = RouteBasedAlertsTests;
			sourceTree = "<group>";
		};
/* End PBXGroup section */

/* Begin PBXNativeTarget section */
		F0A0A0D31D3DBDF4008C299A /* RouteBasedAlerts */ = {
			isa = PBXNativeTarget;
			buildConfigurationList = F0A0A0F11D3DBDF5008C299A /* Build configuration list for PBXNativeTarget "RouteBasedAlerts" */;
			buildPhases = (
				F0A0A0D01D3DBDF4008C299A /* Sources */,
				F0A0A0D11D3DBDF4008C299A /* Frameworks */,
				F0A0A0D21D3DBDF4008C299A /* Resources */,
			);
			buildRules = (
			);
			dependencies = (
			);
			name = RouteBasedAlerts;
			productName = RouteBasedAlerts;
			productReference = F0A0A0D41D3DBDF5008C299A /* RouteBasedAlerts.app */;
			productType = "com.apple.product-type.application";
		};
		F0A0A0E71D3DBDF5008C299A /* RouteBasedAlertsTests */ = {
			isa = PBXNativeTarget;
			buildConfigurationList = F0A0A0F41D3DBDF5008C299A /* Build configuration list for PBXNativeTarget "RouteBasedAlertsTests" */;
			buildPhases = (
				F0A0A0E41D3DBDF5008C299A /* Sources */,
				F0A0A0E51D3DBDF5008C299A /* Frameworks */,
				F0A0A0E61D3DBDF5008C299A /* Resources */,
			);
			buildRules = (
			);
			dependencies = (
				F0A0A0EA1D3DBDF5008C299A /* PBXTargetDependency */,
			);
			name = RouteBasedAlertsTests;
			productName = RouteBasedAlertsTests;
			productReference = F0A0A0E81D3DBDF5008C299A /* RouteBasedAlertsTests.xctest */;
			productType = "com.apple.product-type.bundle.unit-test";
		};
/* End PBXNativeTarget section */

/* Begin PBXProject section */
		F0A0A0CC1D3DBDF4008C299A /* Project object */ = {
			isa = PBXProject;
			attributes = {
				LastSwiftUpdateCheck = 0730;
				LastUpgradeCheck = 0730;
				ORGANIZATIONNAME = "Daniel Ferguson";
				TargetAttributes = {
					F0A0A0D31D3DBDF4008C299A = {
						CreatedOnToolsVersion = 7.3.1;
						DevelopmentTeam = 5B9BQ6DBW8;
					};
					F0A0A0E71D3DBDF5008C299A = {
						CreatedOnToolsVersion = 7.3.1;
						TestTargetID = F0A0A0D31D3DBDF4008C299A;
					};
				};
			};
			buildConfigurationList = F0A0A0CF1D3DBDF4008C299A /* Build configuration list for PBXProject "RouteBasedAlerts" */;
			compatibilityVersion = "Xcode 3.2";
			developmentRegion = English;
			hasScannedForEncodings = 0;
			knownRegions = (
				en,
				Base,
			);
			mainGroup = F0A0A0CB1D3DBDF4008C299A;
			productRefGroup = F0A0A0D51D3DBDF5008C299A /* Products */;
			projectDirPath = "";
			projectRoot = "";
			targets = (
				F0A0A0D31D3DBDF4008C299A /* RouteBasedAlerts */,
				F0A0A0E71D3DBDF5008C299A /* RouteBasedAlertsTests */,
			);
		};
/* End PBXProject section */

/* Begin PBXResourcesBuildPhase section */
		F0A0A0D21D3DBDF4008C299A /* Resources */ = {
			isa = PBXResourcesBuildPhase;
			buildActionMask = 2147483647;
			files = (
				F0A0A0E21D3DBDF5008C299A /* LaunchScreen.storyboard in Resources */,
				F0A0A0DF1D3DBDF5008C299A /* Assets.xcassets in Resources */,
				F0A0A0DD1D3DBDF5008C299A /* Main.storyboard in Resources */,
			);
			runOnlyForDeploymentPostprocessing = 0;
		};
		F0A0A0E61D3DBDF5008C299A /* Resources */ = {
			isa = PBXResourcesBuildPhase;
			buildActionMask = 2147483647;
			files = (
			);
			runOnlyForDeploymentPostprocessing = 0;
		};
/* End PBXResourcesBuildPhase section */

/* Begin PBXSourcesBuildPhase section */
		F0A0A0D01D3DBDF4008C299A /* Sources */ = {
			isa = PBXSourcesBuildPhase;
			buildActionMask = 2147483647;
			files = (
				F01A642B1D56512A000B6EC0 /* NSDateExtensions.swift in Sources */,
				F0A0A0DA1D3DBDF5008C299A /* ViewController.swift in Sources */,
				F01A64281D558705000B6EC0 /* Profile.swift in Sources */,
				F0A0A0D81D3DBDF5008C299A /* AppDelegate.swift in Sources */,
				F01A642D1D565D3A000B6EC0 /* ArrayExtenisons.swift in Sources */,
			);
			runOnlyForDeploymentPostprocessing = 0;
		};
		F0A0A0E41D3DBDF5008C299A /* Sources */ = {
			isa = PBXSourcesBuildPhase;
			buildActionMask = 2147483647;
			files = (
				F0A0A0ED1D3DBDF5008C299A /* RouteBasedAlertsTests.swift in Sources */,
			);
			runOnlyForDeploymentPostprocessing = 0;
		};
/* End PBXSourcesBuildPhase section */

/* Begin PBXTargetDependency section */
		F0A0A0EA1D3DBDF5008C299A /* PBXTargetDependency */ = {
			isa = PBXTargetDependency;
			target = F0A0A0D31D3DBDF4008C299A /* RouteBasedAlerts */;
			targetProxy = F0A0A0E91D3DBDF5008C299A /* PBXContainerItemProxy */;
		};
/* End PBXTargetDependency section */

/* Begin PBXVariantGroup section */
		F0A0A0DB1D3DBDF5008C299A /* Main.storyboard */ = {
			isa = PBXVariantGroup;
			children = (
				F0A0A0DC1D3DBDF5008C299A /* Base */,
			);
			name = Main.storyboard;
			sourceTree = "<group>";
		};
		F0A0A0E01D3DBDF5008C299A /* LaunchScreen.storyboard */ = {
			isa = PBXVariantGroup;
			children = (
				F0A0A0E11D3DBDF5008C299A /* Base */,
			);
			name = LaunchScreen.storyboard;
			sourceTree = "<group>";
		};
/* End PBXVariantGroup section */

/* Begin XCBuildConfiguration section */
		F0A0A0EF1D3DBDF5008C299A /* Debug */ = {
			isa = XCBuildConfiguration;
			buildSettings = {
				ALWAYS_SEARCH_USER_PATHS = NO;
				CLANG_ANALYZER_NONNULL = YES;
				CLANG_CXX_LANGUAGE_STANDARD = "gnu++0x";
				CLANG_CXX_LIBRARY = "libc++";
				CLANG_ENABLE_MODULES = YES;
				CLANG_ENABLE_OBJC_ARC = YES;
				CLANG_WARN_BOOL_CONVERSION = YES;
				CLANG_WARN_CONSTANT_CONVERSION = YES;
				CLANG_WARN_DIRECT_OBJC_ISA_USAGE = YES_ERROR;
				CLANG_WARN_EMPTY_BODY = YES;
				CLANG_WARN_ENUM_CONVERSION = YES;
				CLANG_WARN_INT_CONVERSION = YES;
				CLANG_WARN_OBJC_ROOT_CLASS = YES_ERROR;
				CLANG_WARN_UNREACHABLE_CODE = YES;
				CLANG_WARN__DUPLICATE_METHOD_MATCH = YES;
				"CODE_SIGN_IDENTITY[sdk=iphoneos*]" = "iPhone Developer";
				COPY_PHASE_STRIP = NO;
				DEBUG_INFORMATION_FORMAT = dwarf;
				ENABLE_STRICT_OBJC_MSGSEND = YES;
				ENABLE_TESTABILITY = YES;
				GCC_C_LANGUAGE_STANDARD = gnu99;
				GCC_DYNAMIC_NO_PIC = NO;
				GCC_NO_COMMON_BLOCKS = YES;
				GCC_OPTIMIZATION_LEVEL = 0;
				GCC_PREPROCESSOR_DEFINITIONS = (
					"DEBUG=1",
					"$(inherited)",
				);
				GCC_WARN_64_TO_32_BIT_CONVERSION = YES;
				GCC_WARN_ABOUT_RETURN_TYPE = YES_ERROR;
				GCC_WARN_UNDECLARED_SELECTOR = YES;
				GCC_WARN_UNINITIALIZED_AUTOS = YES_AGGRESSIVE;
				GCC_WARN_UNUSED_FUNCTION = YES;
				GCC_WARN_UNUSED_VARIABLE = YES;
				IPHONEOS_DEPLOYMENT_TARGET = 9.3;
				MTL_ENABLE_DEBUG_INFO = YES;
				ONLY_ACTIVE_ARCH = YES;
				SDKROOT = iphoneos;
				SWIFT_OPTIMIZATION_LEVEL = "-Onone";
			};
			name = Debug;
		};
		F0A0A0F01D3DBDF5008C299A /* Release */ = {
			isa = XCBuildConfiguration;
			buildSettings = {
				ALWAYS_SEARCH_USER_PATHS = NO;
				CLANG_ANALYZER_NONNULL = YES;
				CLANG_CXX_LANGUAGE_STANDARD = "gnu++0x";
				CLANG_CXX_LIBRARY = "libc++";
				CLANG_ENABLE_MODULES = YES;
				CLANG_ENABLE_OBJC_ARC = YES;
				CLANG_WARN_BOOL_CONVERSION = YES;
				CLANG_WARN_CONSTANT_CONVERSION = YES;
				CLANG_WARN_DIRECT_OBJC_ISA_USAGE = YES_ERROR;
				CLANG_WARN_EMPTY_BODY = YES;
				CLANG_WARN_ENUM_CONVERSION = YES;
				CLANG_WARN_INT_CONVERSION = YES;
				CLANG_WARN_OBJC_ROOT_CLASS = YES_ERROR;
				CLANG_WARN_UNREACHABLE_CODE = YES;
				CLANG_WARN__DUPLICATE_METHOD_MATCH = YES;
				"CODE_SIGN_IDENTITY[sdk=iphoneos*]" = "iPhone Developer";
				COPY_PHASE_STRIP = NO;
				DEBUG_INFORMATION_FORMAT = "dwarf-with-dsym";
				ENABLE_NS_ASSERTIONS = NO;
				ENABLE_STRICT_OBJC_MSGSEND = YES;
				GCC_C_LANGUAGE_STANDARD = gnu99;
				GCC_NO_COMMON_BLOCKS = YES;
				GCC_WARN_64_TO_32_BIT_CONVERSION = YES;
				GCC_WARN_ABOUT_RETURN_TYPE = YES_ERROR;
				GCC_WARN_UNDECLARED_SELECTOR = YES;
				GCC_WARN_UNINITIALIZED_AUTOS = YES_AGGRESSIVE;
				GCC_WARN_UNUSED_FUNCTION = YES;
				GCC_WARN_UNUSED_VARIABLE = YES;
				IPHONEOS_DEPLOYMENT_TARGET = 9.3;
				MTL_ENABLE_DEBUG_INFO = NO;
				SDKROOT = iphoneos;
				VALIDATE_PRODUCT = YES;
			};
			name = Release;
		};
		F0A0A0F21D3DBDF5008C299A /* Debug */ = {
			isa = XCBuildConfiguration;
			buildSettings = {
				ASSETCATALOG_COMPILER_APPICON_NAME = AppIcon;
				CODE_SIGN_IDENTITY = "iPhone Developer";
				"CODE_SIGN_IDENTITY[sdk=iphoneos*]" = "iPhone Developer";
				INFOPLIST_FILE = RouteBasedAlerts/Info.plist;
				LD_RUNPATH_SEARCH_PATHS = "$(inherited) @executable_path/Frameworks";
				PRODUCT_BUNDLE_IDENTIFIER = com.example.RouteBasedAlerts;
				PRODUCT_NAME = "$(TARGET_NAME)";
				PROVISIONING_PROFILE = "";
			};
			name = Debug;
		};
		F0A0A0F31D3DBDF5008C299A /* Release */ = {
			isa = XCBuildConfiguration;
			buildSettings = {
				ASSETCATALOG_COMPILER_APPICON_NAME = AppIcon;
				CODE_SIGN_IDENTITY = "iPhone Developer";
				"CODE_SIGN_IDENTITY[sdk=iphoneos*]" = "iPhone Developer";
				INFOPLIST_FILE = RouteBasedAlerts/Info.plist;
				LD_RUNPATH_SEARCH_PATHS = "$(inherited) @executable_path/Frameworks";
				PRODUCT_BUNDLE_IDENTIFIER = com.example.RouteBasedAlerts;
				PRODUCT_NAME = "$(TARGET_NAME)";
				PROVISIONING_PROFILE = "";
			};
			name = Release;
		};
		F0A0A0F51D3DBDF5008C299A /* Debug */ = {
			isa = XCBuildConfiguration;
			buildSettings = {
				BUNDLE_LOADER = "$(TEST_HOST)";
				INFOPLIST_FILE = RouteBasedAlertsTests/Info.plist;
				LD_RUNPATH_SEARCH_PATHS = "$(inherited) @executable_path/Frameworks @loader_path/Frameworks";
				PRODUCT_BUNDLE_IDENTIFIER = com.example.RouteBasedAlertsTests;
				PRODUCT_NAME = "$(TARGET_NAME)";
				TEST_HOST = "$(BUILT_PRODUCTS_DIR)/RouteBasedAlerts.app/RouteBasedAlerts";
			};
			name = Debug;
		};
		F0A0A0F61D3DBDF5008C299A /* Release */ = {
			isa = XCBuildConfiguration;
			buildSettings = {
				BUNDLE_LOADER = "$(TEST_HOST)";
				INFOPLIST_FILE = RouteBasedAlertsTests/Info.plist;
				LD_RUNPATH_SEARCH_PATHS = "$(inherited) @executable_path/Frameworks @loader_path/Frameworks";
				PRODUCT_BUNDLE_IDENTIFIER = com.example.RouteBasedAlertsTests;
				PRODUCT_NAME = "$(TARGET_NAME)";
				TEST_HOST = "$(BUILT_PRODUCTS_DIR)/RouteBasedAlerts.app/RouteBasedAlerts";
			};
			name = Release;
		};
/* End XCBuildConfiguration section */

/* Begin XCConfigurationList section */
		F0A0A0CF1D3DBDF4008C299A /* Build configuration list for PBXProject "RouteBasedAlerts" */ = {
			isa = XCConfigurationList;
			buildConfigurations = (
				F0A0A0EF1D3DBDF5008C299A /* Debug */,
				F0A0A0F01D3DBDF5008C299A /* Release */,
			);
			defaultConfigurationIsVisible = 0;
			defaultConfigurationName = Release;
		};
		F0A0A0F11D3DBDF5008C299A /* Build configuration list for PBXNativeTarget "RouteBasedAlerts" */ = {
			isa = XCConfigurationList;
			buildConfigurations = (
				F0A0A0F21D3DBDF5008C299A /* Debug */,
				F0A0A0F31D3DBDF5008C299A /* Release */,
			);
			defaultConfigurationIsVisible = 0;
			defaultConfigurationName = Release;
		};
		F0A0A0F41D3DBDF5008C299A /* Build configuration list for PBXNativeTarget "RouteBasedAlertsTests" */ = {
			isa = XCConfigurationList;
			buildConfigurations = (
				F0A0A0F51D3DBDF5008C299A /* Debug */,
				F0A0A0F61D3DBDF5008C299A /* Release */,
			);
			defaultConfigurationIsVisible = 0;
			defaultConfigurationName = Release;
		};
/* End XCConfigurationList section */
	};
	rootObject = F0A0A0CC1D3DBDF4008C299A /* Project object */;
}
